
Microsoft Visual Studio Solution File, Format Version 12.00
# Visual Studio 14
VisualStudioVersion = 14.0.22310.1
MinimumVisualStudioVersion = 10.0.40219.1
Project("{FAE04EC0-301F-11D3-BF4B-00C04F79EFBC}") = "CodeRefactoring2", "CodeRefactoring2\CodeRefactoring2\CodeRefactoring2.csproj", "{47FD0218-C2E4-41B1-A4DA-B24B3627F117}"
EndProject
Project("{FAE04EC0-301F-11D3-BF4B-00C04F79EFBC}") = "CodeRefactoring2.Vsix", "CodeRefactoring2\CodeRefactoring2.Vsix\CodeRefactoring2.Vsix.csproj", "{60A0E520-6B19-407F-8A2D-FDF6A49FE7C2}"
EndProject
Global
	GlobalSection(SolutionConfigurationPlatforms) = preSolution
		Debug|Any CPU = Debug|Any CPU
		Release|Any CPU = Release|Any CPU
	EndGlobalSection
	GlobalSection(ProjectConfigurationPlatforms) = postSolution
		{47FD0218-C2E4-41B1-A4DA-B24B3627F117}.Debug|Any CPU.ActiveCfg = Debug|Any CPU
		{47FD0218-C2E4-41B1-A4DA-B24B3627F117}.Debug|Any CPU.Build.0 = Debug|Any CPU
		{47FD0218-C2E4-41B1-A4DA-B24B3627F117}.Release|Any CPU.ActiveCfg = Release|Any CPU
		{47FD0218-C2E4-41B1-A4DA-B24B3627F117}.Release|Any CPU.Build.0 = Release|Any CPU
		{60A0E520-6B19-407F-8A2D-FDF6A49FE7C2}.Debug|Any CPU.ActiveCfg = Debug|Any CPU
		{60A0E520-6B19-407F-8A2D-FDF6A49FE7C2}.Debug|Any CPU.Build.0 = Debug|Any CPU
		{60A0E520-6B19-407F-8A2D-FDF6A49FE7C2}.Release|Any CPU.ActiveCfg = Release|Any CPU
		{60A0E520-6B19-407F-8A2D-FDF6A49FE7C2}.Release|Any CPU.Build.0 = Release|Any CPU
	EndGlobalSection
	GlobalSection(SolutionProperties) = preSolution
		HideSolutionNode = FALSE
	EndGlobalSection
EndGlobal
